
Microsoft Visual Studio Solution File, Format Version 12.00
# Visual Studio 15
VisualStudioVersion = 15.0.28307.421
MinimumVisualStudioVersion = 10.0.40219.1
Project("{9A19103F-16F7-4668-BE54-9A1E7A4F7556}") = "test_call_c", "test_call_c.csproj", "{B500D041-F380-41AB-907E-91804D132219}"
EndProject
Global
	GlobalSection(SolutionConfigurationPlatforms) = preSolution
		Debug|Any CPU = Debug|Any CPU
		Release|Any CPU = Release|Any CPU
	EndGlobalSection
	GlobalSection(ProjectConfigurationPlatforms) = postSolution
		{B500D041-F380-41AB-907E-91804D132219}.Debug|Any CPU.ActiveCfg = Debug|Any CPU
		{B500D041-F380-41AB-907E-91804D132219}.Debug|Any CPU.Build.0 = Debug|Any CPU
		{B500D041-F380-41AB-907E-91804D132219}.Release|Any CPU.ActiveCfg = Release|Any CPU
		{B500D041-F380-41AB-907E-91804D132219}.Release|Any CPU.Build.0 = Release|Any CPU
	EndGlobalSection
	GlobalSection(SolutionProperties) = preSolution
		HideSolutionNode = FALSE
	EndGlobalSection
	GlobalSection(ExtensibilityGlobals) = postSolution
		SolutionGuid = {9DAD9160-6DA3-4E4C-B1DD-4680FF5B829D}
	EndGlobalSection
EndGlobal
